
Microsoft Visual Studio Solution File, Format Version 12.00
# Visual Studio Version 16
VisualStudioVersion = 25.0.1705.4
MinimumVisualStudioVersion = 10.0.40219.1
Project("{FAE04EC0-301F-11D3-BF4B-00C04F79EFBC}") = "pis", "pis\pis.csproj", "{914E2B8A-F2ED-46FC-9DEC-5AC8DA3632EE}"
EndProject
Global
	GlobalSection(SolutionConfigurationPlatforms) = preSolution
		Debug|Any CPU = Debug|Any CPU
		Release|Any CPU = Release|Any CPU
	EndGlobalSection
	GlobalSection(ProjectConfigurationPlatforms) = postSolution
		{914E2B8A-F2ED-46FC-9DEC-5AC8DA3632EE}.Debug|Any CPU.ActiveCfg = Debug|Any CPU
		{914E2B8A-F2ED-46FC-9DEC-5AC8DA3632EE}.Debug|Any CPU.Build.0 = Debug|Any CPU
		{914E2B8A-F2ED-46FC-9DEC-5AC8DA3632EE}.Release|Any CPU.ActiveCfg = Release|Any CPU
		{914E2B8A-F2ED-46FC-9DEC-5AC8DA3632EE}.Release|Any CPU.Build.0 = Release|Any CPU
	EndGlobalSection
	GlobalSection(SolutionProperties) = preSolution
		HideSolutionNode = FALSE
	EndGlobalSection
	GlobalSection(ExtensibilityGlobals) = postSolution
		SolutionGuid = {73E1795C-B87B-4198-9B6D-88109FA24162}
	EndGlobalSection
EndGlobal
